
Microsoft Visual Studio Solution File, Format Version 12.00
# Visual Studio Version 17
VisualStudioVersion = 17.3.32901.215
MinimumVisualStudioVersion = 10.0.40219.1
Project("{9A19103F-16F7-4668-BE54-9A1E7A4F7556}") = "DiceRoller", "Dice Roller\DiceRoller.csproj", "{1DB1FFC1-E032-48B5-BE98-FA47D1FF827E}"
EndProject
Global
	GlobalSection(SolutionConfigurationPlatforms) = preSolution
		Debug|Any CPU = Debug|Any CPU
		Release|Any CPU = Release|Any CPU
	EndGlobalSection
	GlobalSection(ProjectConfigurationPlatforms) = postSolution
		{1DB1FFC1-E032-48B5-BE98-FA47D1FF827E}.Debug|Any CPU.ActiveCfg = Debug|Any CPU
		{1DB1FFC1-E032-48B5-BE98-FA47D1FF827E}.Debug|Any CPU.Build.0 = Debug|Any CPU
		{1DB1FFC1-E032-48B5-BE98-FA47D1FF827E}.Release|Any CPU.ActiveCfg = Release|Any CPU
		{1DB1FFC1-E032-48B5-BE98-FA47D1FF827E}.Release|Any CPU.Build.0 = Release|Any CPU
	EndGlobalSection
	GlobalSection(SolutionProperties) = preSolution
		HideSolutionNode = FALSE
	EndGlobalSection
	GlobalSection(ExtensibilityGlobals) = postSolution
		SolutionGuid = {4A03DB0D-A503-42B8-8DB8-CD585A2FB79A}
	EndGlobalSection
EndGlobal
